
Microsoft Visual Studio Solution File, Format Version 12.00
# Visual Studio Version 16
VisualStudioVersion = 16.0.30503.244
MinimumVisualStudioVersion = 10.0.40219.1
Project("{FAE04EC0-301F-11D3-BF4B-00C04F79EFBC}") = "Task_1", "Task_1\Task_1.csproj", "{B4F8F95B-0387-45A0-AB96-7E307C6AC6DE}"
EndProject
Project("{FAE04EC0-301F-11D3-BF4B-00C04F79EFBC}") = "Task_2", "Task_2\Task_2.csproj", "{3175B4B4-AAA2-4C6A-8F16-A0803468B9B3}"
EndProject
Project("{FAE04EC0-301F-11D3-BF4B-00C04F79EFBC}") = "Task_3", "Task_3\Task_3.csproj", "{A030E5C3-E053-4DA0-8FDE-C66BEC44463B}"
EndProject
Global
	GlobalSection(SolutionConfigurationPlatforms) = preSolution
		Debug|Any CPU = Debug|Any CPU
		Release|Any CPU = Release|Any CPU
	EndGlobalSection
	GlobalSection(ProjectConfigurationPlatforms) = postSolution
		{B4F8F95B-0387-45A0-AB96-7E307C6AC6DE}.Debug|Any CPU.ActiveCfg = Debug|Any CPU
		{B4F8F95B-0387-45A0-AB96-7E307C6AC6DE}.Debug|Any CPU.Build.0 = Debug|Any CPU
		{B4F8F95B-0387-45A0-AB96-7E307C6AC6DE}.Release|Any CPU.ActiveCfg = Release|Any CPU
		{B4F8F95B-0387-45A0-AB96-7E307C6AC6DE}.Release|Any CPU.Build.0 = Release|Any CPU
		{3175B4B4-AAA2-4C6A-8F16-A0803468B9B3}.Debug|Any CPU.ActiveCfg = Debug|Any CPU
		{3175B4B4-AAA2-4C6A-8F16-A0803468B9B3}.Debug|Any CPU.Build.0 = Debug|Any CPU
		{3175B4B4-AAA2-4C6A-8F16-A0803468B9B3}.Release|Any CPU.ActiveCfg = Release|Any CPU
		{3175B4B4-AAA2-4C6A-8F16-A0803468B9B3}.Release|Any CPU.Build.0 = Release|Any CPU
		{A030E5C3-E053-4DA0-8FDE-C66BEC44463B}.Debug|Any CPU.ActiveCfg = Debug|Any CPU
		{A030E5C3-E053-4DA0-8FDE-C66BEC44463B}.Debug|Any CPU.Build.0 = Debug|Any CPU
		{A030E5C3-E053-4DA0-8FDE-C66BEC44463B}.Release|Any CPU.ActiveCfg = Release|Any CPU
		{A030E5C3-E053-4DA0-8FDE-C66BEC44463B}.Release|Any CPU.Build.0 = Release|Any CPU
	EndGlobalSection
	GlobalSection(SolutionProperties) = preSolution
		HideSolutionNode = FALSE
	EndGlobalSection
	GlobalSection(ExtensibilityGlobals) = postSolution
		SolutionGuid = {FA935E0D-E4FF-4992-B4E6-89E0E1A25B5E}
	EndGlobalSection
EndGlobal
