
Microsoft Visual Studio Solution File, Format Version 12.00
# Visual Studio Version 16
VisualStudioVersion = 16.0.30503.244
MinimumVisualStudioVersion = 10.0.40219.1
Project("{FAE04EC0-301F-11D3-BF4B-00C04F79EFBC}") = "zxcvbnm,", "zxcvbnm,\zxcvbnm,.csproj", "{3EEBB19E-1106-427F-8C79-8F4657F13735}"
EndProject
Global
	GlobalSection(SolutionConfigurationPlatforms) = preSolution
		Debug|Any CPU = Debug|Any CPU
		Release|Any CPU = Release|Any CPU
	EndGlobalSection
	GlobalSection(ProjectConfigurationPlatforms) = postSolution
		{3EEBB19E-1106-427F-8C79-8F4657F13735}.Debug|Any CPU.ActiveCfg = Debug|Any CPU
		{3EEBB19E-1106-427F-8C79-8F4657F13735}.Debug|Any CPU.Build.0 = Debug|Any CPU
		{3EEBB19E-1106-427F-8C79-8F4657F13735}.Release|Any CPU.ActiveCfg = Release|Any CPU
		{3EEBB19E-1106-427F-8C79-8F4657F13735}.Release|Any CPU.Build.0 = Release|Any CPU
	EndGlobalSection
	GlobalSection(SolutionProperties) = preSolution
		HideSolutionNode = FALSE
	EndGlobalSection
	GlobalSection(ExtensibilityGlobals) = postSolution
		SolutionGuid = {A55B5AC1-2973-499F-A515-B398C0D856EA}
	EndGlobalSection
EndGlobal
