
Microsoft Visual Studio Solution File, Format Version 12.00
# Visual Studio Version 16
VisualStudioVersion = 16.0.30503.244
MinimumVisualStudioVersion = 10.0.40219.1
Project("{FAE04EC0-301F-11D3-BF4B-00C04F79EFBC}") = "Task_3", "Task_3\Task_3.csproj", "{ABF39FF7-8F3E-4435-8924-38836E48436F}"
EndProject
Global
	GlobalSection(SolutionConfigurationPlatforms) = preSolution
		Debug|Any CPU = Debug|Any CPU
		Release|Any CPU = Release|Any CPU
	EndGlobalSection
	GlobalSection(ProjectConfigurationPlatforms) = postSolution
		{ABF39FF7-8F3E-4435-8924-38836E48436F}.Debug|Any CPU.ActiveCfg = Debug|Any CPU
		{ABF39FF7-8F3E-4435-8924-38836E48436F}.Debug|Any CPU.Build.0 = Debug|Any CPU
		{ABF39FF7-8F3E-4435-8924-38836E48436F}.Release|Any CPU.ActiveCfg = Release|Any CPU
		{ABF39FF7-8F3E-4435-8924-38836E48436F}.Release|Any CPU.Build.0 = Release|Any CPU
	EndGlobalSection
	GlobalSection(SolutionProperties) = preSolution
		HideSolutionNode = FALSE
	EndGlobalSection
	GlobalSection(ExtensibilityGlobals) = postSolution
		SolutionGuid = {082EB805-A45D-4796-87B3-A9A9B034E423}
	EndGlobalSection
EndGlobal
